Microsoft Visual Studio Solution File, Format Version 12.00
# Visual Studio Version 17
VisualStudioVersion = 17.5.2.0
MinimumVisualStudioVersion = 10.0.40219.1
Project("{2150E333-8FDC-42A3-9474-1A3956D46DE8}") = "src", "src", "{827E0CD3-B72D-47B6-A68D-7590B98EB39B}"
EndProject
Project("{2150E333-8FDC-42A3-9474-1A3956D46DE8}") = "API", "API", "{81034408-37C8-1011-444E-4C15C2FADA8E}"
EndProject
Project("{FAE04EC0-301F-11D3-BF4B-00C04F79EFBC}") = "Api", "src\API\Api\Api.csproj", "{946DEAF1-7E1B-91C9-6DA1-F930B2E5D55A}"
EndProject
Project("{2150E333-8FDC-42A3-9474-1A3956D46DE8}") = "Core", "Core", "{81B2A6C7-D440-4D02-87D7-A94269511071}"
EndProject
Project("{FAE04EC0-301F-11D3-BF4B-00C04F79EFBC}") = "Domain", "src\Core\Domain\Domain.csproj", "{C0DE0F38-E209-4910-9C27-561304A5A465}"
EndProject
Project("{FAE04EC0-301F-11D3-BF4B-00C04F79EFBC}") = "Application", "src\Core\Application\Application.csproj", "{8E432D17-06F3-4977-A18C-4EFAB43CAFEE}"
EndProject
Project("{2150E333-8FDC-42A3-9474-1A3956D46DE8}") = "Infrastructure", "Infrastructure", "{91CCBEC0-3F86-4684-BD3C-C18C22C6A408}"
EndProject
Project("{FAE04EC0-301F-11D3-BF4B-00C04F79EFBC}") = "Persistence.EF", "src\Infrastructure\Persistence.EF\Persistence.EF.csproj", "{355D9390-3B14-441F-83BF-E329E9CD8FB8}"
EndProject
Global
	GlobalSection(SolutionConfigurationPlatforms) = preSolution
		Debug|Any CPU = Debug|Any CPU
		Release|Any CPU = Release|Any CPU
	EndGlobalSection
	GlobalSection(ProjectConfigurationPlatforms) = postSolution
		{946DEAF1-7E1B-91C9-6DA1-F930B2E5D55A}.Debug|Any CPU.ActiveCfg = Debug|Any CPU
		{946DEAF1-7E1B-91C9-6DA1-F930B2E5D55A}.Debug|Any CPU.Build.0 = Debug|Any CPU
		{946DEAF1-7E1B-91C9-6DA1-F930B2E5D55A}.Release|Any CPU.ActiveCfg = Release|Any CPU
		{946DEAF1-7E1B-91C9-6DA1-F930B2E5D55A}.Release|Any CPU.Build.0 = Release|Any CPU
		{C0DE0F38-E209-4910-9C27-561304A5A465}.Debug|Any CPU.ActiveCfg = Debug|Any CPU
		{C0DE0F38-E209-4910-9C27-561304A5A465}.Debug|Any CPU.Build.0 = Debug|Any CPU
		{C0DE0F38-E209-4910-9C27-561304A5A465}.Release|Any CPU.ActiveCfg = Release|Any CPU
		{C0DE0F38-E209-4910-9C27-561304A5A465}.Release|Any CPU.Build.0 = Release|Any CPU
		{8E432D17-06F3-4977-A18C-4EFAB43CAFEE}.Debug|Any CPU.ActiveCfg = Debug|Any CPU
		{8E432D17-06F3-4977-A18C-4EFAB43CAFEE}.Debug|Any CPU.Build.0 = Debug|Any CPU
		{8E432D17-06F3-4977-A18C-4EFAB43CAFEE}.Release|Any CPU.ActiveCfg = Release|Any CPU
		{8E432D17-06F3-4977-A18C-4EFAB43CAFEE}.Release|Any CPU.Build.0 = Release|Any CPU
		{355D9390-3B14-441F-83BF-E329E9CD8FB8}.Debug|Any CPU.ActiveCfg = Debug|Any CPU
		{355D9390-3B14-441F-83BF-E329E9CD8FB8}.Debug|Any CPU.Build.0 = Debug|Any CPU
		{355D9390-3B14-441F-83BF-E329E9CD8FB8}.Release|Any CPU.ActiveCfg = Release|Any CPU
		{355D9390-3B14-441F-83BF-E329E9CD8FB8}.Release|Any CPU.Build.0 = Release|Any CPU
	EndGlobalSection
	GlobalSection(SolutionProperties) = preSolution
		HideSolutionNode = FALSE
	EndGlobalSection
	GlobalSection(NestedProjects) = preSolution
		{81034408-37C8-1011-444E-4C15C2FADA8E} = {827E0CD3-B72D-47B6-A68D-7590B98EB39B}
		{946DEAF1-7E1B-91C9-6DA1-F930B2E5D55A} = {81034408-37C8-1011-444E-4C15C2FADA8E}
		{81B2A6C7-D440-4D02-87D7-A94269511071} = {827E0CD3-B72D-47B6-A68D-7590B98EB39B}
		{C0DE0F38-E209-4910-9C27-561304A5A465} = {81B2A6C7-D440-4D02-87D7-A94269511071}
		{8E432D17-06F3-4977-A18C-4EFAB43CAFEE} = {81B2A6C7-D440-4D02-87D7-A94269511071}
		{91CCBEC0-3F86-4684-BD3C-C18C22C6A408} = {827E0CD3-B72D-47B6-A68D-7590B98EB39B}
		{355D9390-3B14-441F-83BF-E329E9CD8FB8} = {91CCBEC0-3F86-4684-BD3C-C18C22C6A408}
	EndGlobalSection
	GlobalSection(ExtensibilityGlobals) = postSolution
		SolutionGuid = {C27232F2-A106-4E93-99D3-375F010D7C44}
	EndGlobalSection
EndGlobal
